<?xml version="1.0" encoding="utf-8"?>
<Project ToolsVersion="4.0" xmlns="http://schemas.microsoft.com/developer/msbuild/2003">
  <ItemGroup>
    <Filter Include="Source Files">
      <UniqueIdentifier>{4FC737F1-C7A5-4376-A066-2A32D752A2FF}</UniqueIdentifier>
      <Extensions>cpp;c;cc;cxx;c++;cppm;ixx;def;odl;idl;hpj;bat;asm;asmx</Extensions>
    </Filter>
    <Filter Include="Header Files">
      <UniqueIdentifier>{93995380-89BD-4b04-88EB-625FBE52EBFB}</UniqueIdentifier>
      <Extensions>h;hh;hpp;hxx;h++;hm;inl;inc;ipp;xsd</Extensions>
    </Filter>
    <Filter Include="Resource Files">
      <UniqueIdentifier>{67DA6AB6-F800-4c08-8B7A-83BB121AAD01}</UniqueIdentifier>
      <Extensions>rc;ico;cur;bmp;dlg;rc2;rct;bin;rgs;gif;jpg;jpeg;jpe;resx;tiff;tif;png;wav;mfcribbon-ms</Extensions>
    </Filter>
    <Filter Include="Header Files\Character">
      <UniqueIdentifier>{39aab109-9762-4238-924f-c7a30eec40fe}</UniqueIdentifier>
    </Filter>
    <Filter Include="Resource Files\Shader">
      <UniqueIdentifier>{2e6834ec-05f9-4510-a69c-62ccaa930029}</UniqueIdentifier>
    </Filter>
    <Filter Include="Source Files\FrameWork">
      <UniqueIdentifier>{46645bec-aeba-44d3-bc7c-bbb1660cc03e}</UniqueIdentifier>
    </Filter>
    <Filter Include="Source Files\FrameWork\Network">
      <UniqueIdentifier>{dcec0df8-7dc1-4525-adc5-48ad2100e4a3}</UniqueIdentifier>
    </Filter>
    <Filter Include="Source Files\Character">
      <UniqueIdentifier>{23a2e47a-6e4b-46f0-831d-4d81c73b28b7}</UniqueIdentifier>
    </Filter>
    <Filter Include="Source Files\Map">
      <UniqueIdentifier>{d43d9249-e932-4c8a-86d7-dac867e69093}</UniqueIdentifier>
    </Filter>
    <Filter Include="Header Files\FrameWork">
      <UniqueIdentifier>{9a85f12d-0f28-4745-9e74-9d5dd44eff8e}</UniqueIdentifier>
    </Filter>
    <Filter Include="Header Files\FrameWork\Network">
      <UniqueIdentifier>{be4779be-8844-40d7-bc08-7a9e5d5397d0}</UniqueIdentifier>
    </Filter>
  </ItemGroup>
  <ItemGroup>
    <ClCompile Include="Main.cpp">
      <Filter>Source Files</Filter>
    </ClCompile>
    <ClCompile Include="Socket.cpp">
      <Filter>Source Files\FrameWork\Network</Filter>
    </ClCompile>
    <ClCompile Include="Network.cpp">
      <Filter>Source Files\FrameWork\Network</Filter>
    </ClCompile>
    <ClCompile Include="IPEndpoint.cpp">
      <Filter>Source Files\FrameWork\Network</Filter>
    </ClCompile>
    <ClCompile Include="Character.cpp">
      <Filter>Source Files\Character</Filter>
    </ClCompile>
    <ClCompile Include="Inventory.cpp">
      <Filter>Source Files\Character</Filter>
    </ClCompile>
    <ClCompile Include="Item.cpp">
      <Filter>Source Files\Character</Filter>
    </ClCompile>
    <ClCompile Include="Game.cpp">
      <Filter>Source Files\FrameWork</Filter>
    </ClCompile>
    <ClCompile Include="stb.cpp">
      <Filter>Resource Files</Filter>
    </ClCompile>
    <ClCompile Include="glad.c">
      <Filter>Resource Files</Filter>
    </ClCompile>
  </ItemGroup>
  <ItemGroup>
    <ClInclude Include="IPEndpoint.h">
      <Filter>Header Files\FrameWork\Network</Filter>
    </ClInclude>
    <ClInclude Include="IPVersion.h">
      <Filter>Header Files\FrameWork\Network</Filter>
    </ClInclude>
    <ClInclude Include="MSResult.h">
      <Filter>Header Files\FrameWork\Network</Filter>
    </ClInclude>
    <ClInclude Include="Network.h">
      <Filter>Header Files\FrameWork\Network</Filter>
    </ClInclude>
    <ClInclude Include="Socket.h">
      <Filter>Header Files\FrameWork\Network</Filter>
    </ClInclude>
    <ClInclude Include="SocketHandle.h">
      <Filter>Header Files\FrameWork\Network</Filter>
    </ClInclude>
    <ClInclude Include="SockOptions.h">
      <Filter>Header Files\FrameWork\Network</Filter>
    </ClInclude>
    <ClInclude Include="Includes.h">
      <Filter>Header Files</Filter>
    </ClInclude>
    <ClInclude Include="Character.h">
      <Filter>Header Files\Character</Filter>
    </ClInclude>
    <ClInclude Include="Inventory.h">
      <Filter>Header Files\Character</Filter>
    </ClInclude>
    <ClInclude Include="Item.h">
      <Filter>Header Files\Character</Filter>
    </ClInclude>
    <ClInclude Include="Shader.h">
      <Filter>Resource Files\Shader</Filter>
    </ClInclude>
    <ClInclude Include="Libraries\includes\stb\stb_image.h">
      <Filter>Resource Files</Filter>
    </ClInclude>
    <ClInclude Include="Game.h">
      <Filter>Header Files\FrameWork</Filter>
    </ClInclude>
  </ItemGroup>
  <ItemGroup>
    <None Include="fShader.fs">
      <Filter>Resource Files\Shader</Filter>
    </None>
    <None Include="vShader.vs">
      <Filter>Resource Files\Shader</Filter>
    </None>
  </ItemGroup>
</Project>